{
  "requires": true,
  "lockfileVersion": 1,
  "dependencies": {
    "vue-dialog-drag": {
      "version": "0.1.27",
      "resolved": "https://registry.npmjs.org/vue-dialog-drag/-/vue-dialog-drag-0.1.27.tgz",
      "integrity": "sha512-KQldXdPVmuihOgahSEJBTHhOjmv2YgWmBjym+8HAADqTgL9M65d4PR/8Nwt2ycWyZevbk6P7WpEonBbWENgXZQ=="
    }
  }
}
